{
  "name": "jean-splash-screen",
  "version": "0.0.0",
  "lockfileVersion": 1,
  "requires": true,
  "dependencies": {
    "jean-amd": {
      "version": "1.0.3",
      "resolved": "https://registry.npmjs.org/jean-amd/-/jean-amd-1.0.3.tgz",
      "integrity": "sha1-Z6U5SnMNkMgSI25Lv2EzqC3qU9w="
    }
  }
}
